
Microsoft Visual Studio Solution File, Format Version 12.00
# Visual Studio Version 17
VisualStudioVersion = 17.3.32825.248
MinimumVisualStudioVersion = 10.0.40219.1
Project("{FAE04EC0-301F-11D3-BF4B-00C04F79EFBC}") = "LINQ", "LINQ.csproj", "{EBDEC993-5C72-4846-96F1-59C0E910693B}"
EndProject
Global
	GlobalSection(SolutionConfigurationPlatforms) = preSolution
		Debug|Any CPU = Debug|Any CPU
		Release|Any CPU = Release|Any CPU
	EndGlobalSection
	GlobalSection(ProjectConfigurationPlatforms) = postSolution
		{EBDEC993-5C72-4846-96F1-59C0E910693B}.Debug|Any CPU.ActiveCfg = Debug|Any CPU
		{EBDEC993-5C72-4846-96F1-59C0E910693B}.Debug|Any CPU.Build.0 = Debug|Any CPU
		{EBDEC993-5C72-4846-96F1-59C0E910693B}.Release|Any CPU.ActiveCfg = Release|Any CPU
		{EBDEC993-5C72-4846-96F1-59C0E910693B}.Release|Any CPU.Build.0 = Release|Any CPU
	EndGlobalSection
	GlobalSection(SolutionProperties) = preSolution
		HideSolutionNode = FALSE
	EndGlobalSection
	GlobalSection(ExtensibilityGlobals) = postSolution
		SolutionGuid = {7A6D4B11-64F5-447B-BA3E-C1B92B92294F}
	EndGlobalSection
EndGlobal
