
Microsoft Visual Studio Solution File, Format Version 12.00
# Visual Studio Version 16
VisualStudioVersion = 16.0.31729.503
MinimumVisualStudioVersion = 10.0.40219.1
Project("{FAE04EC0-301F-11D3-BF4B-00C04F79EFBC}") = "HeapSort", "HeapSort.csproj", "{CBC5D585-6D24-488A-941A-84A126504DDD}"
EndProject
Global
	GlobalSection(SolutionConfigurationPlatforms) = preSolution
		Debug|Any CPU = Debug|Any CPU
		Release|Any CPU = Release|Any CPU
	EndGlobalSection
	GlobalSection(ProjectConfigurationPlatforms) = postSolution
		{CBC5D585-6D24-488A-941A-84A126504DDD}.Debug|Any CPU.ActiveCfg = Debug|Any CPU
		{CBC5D585-6D24-488A-941A-84A126504DDD}.Debug|Any CPU.Build.0 = Debug|Any CPU
		{CBC5D585-6D24-488A-941A-84A126504DDD}.Release|Any CPU.ActiveCfg = Release|Any CPU
		{CBC5D585-6D24-488A-941A-84A126504DDD}.Release|Any CPU.Build.0 = Release|Any CPU
	EndGlobalSection
	GlobalSection(SolutionProperties) = preSolution
		HideSolutionNode = FALSE
	EndGlobalSection
	GlobalSection(ExtensibilityGlobals) = postSolution
		SolutionGuid = {1D084B26-7333-4378-987D-B92A58CF82A8}
	EndGlobalSection
EndGlobal
